
Microsoft Visual Studio Solution File, Format Version 12.00
# Visual Studio 15
VisualStudioVersion = 15.0.28307.489
MinimumVisualStudioVersion = 10.0.40219.1
Project("{FAE04EC0-301F-11D3-BF4B-00C04F79EFBC}") = "70-483_playground", "70-483_playground\70-483_playground.csproj", "{B5EA4743-9627-49E1-A0AF-EFA103B6A8C2}"
EndProject
Project("{FAE04EC0-301F-11D3-BF4B-00C04F79EFBC}") = "UnitTest", "UnitTest\UnitTest.csproj", "{ECC7DFA0-60C7-44A3-A17B-E9209E8A81E7}"
	ProjectSection(ProjectDependencies) = postProject
		{B5EA4743-9627-49E1-A0AF-EFA103B6A8C2} = {B5EA4743-9627-49E1-A0AF-EFA103B6A8C2}
	EndProjectSection
EndProject
Global
	GlobalSection(SolutionConfigurationPlatforms) = preSolution
		Debug|Any CPU = Debug|Any CPU
		Release|Any CPU = Release|Any CPU
	EndGlobalSection
	GlobalSection(ProjectConfigurationPlatforms) = postSolution
		{B5EA4743-9627-49E1-A0AF-EFA103B6A8C2}.Debug|Any CPU.ActiveCfg = Debug|Any CPU
		{B5EA4743-9627-49E1-A0AF-EFA103B6A8C2}.Debug|Any CPU.Build.0 = Debug|Any CPU
		{B5EA4743-9627-49E1-A0AF-EFA103B6A8C2}.Release|Any CPU.ActiveCfg = Release|Any CPU
		{B5EA4743-9627-49E1-A0AF-EFA103B6A8C2}.Release|Any CPU.Build.0 = Release|Any CPU
		{ECC7DFA0-60C7-44A3-A17B-E9209E8A81E7}.Debug|Any CPU.ActiveCfg = Debug|Any CPU
		{ECC7DFA0-60C7-44A3-A17B-E9209E8A81E7}.Debug|Any CPU.Build.0 = Debug|Any CPU
		{ECC7DFA0-60C7-44A3-A17B-E9209E8A81E7}.Release|Any CPU.ActiveCfg = Release|Any CPU
		{ECC7DFA0-60C7-44A3-A17B-E9209E8A81E7}.Release|Any CPU.Build.0 = Release|Any CPU
	EndGlobalSection
	GlobalSection(SolutionProperties) = preSolution
		HideSolutionNode = FALSE
	EndGlobalSection
	GlobalSection(ExtensibilityGlobals) = postSolution
		SolutionGuid = {14FB57FD-043F-4075-B2A3-EBDFC6FD59ED}
	EndGlobalSection
EndGlobal
